
Microsoft Visual Studio Solution File, Format Version 12.00
# Visual Studio Version 16
VisualStudioVersion = 16.0.31321.278
MinimumVisualStudioVersion = 10.0.40219.1
Project("{FAE04EC0-301F-11D3-BF4B-00C04F79EFBC}") = "YoutTubeLiveChat", "YoutTubeLiveChat\YoutTubeLiveChat.csproj", "{9D395581-5B22-46AF-A8C6-B139D288B5ED}"
EndProject
Global
	GlobalSection(SolutionConfigurationPlatforms) = preSolution
		Debug|Any CPU = Debug|Any CPU
		Release|Any CPU = Release|Any CPU
	EndGlobalSection
	GlobalSection(ProjectConfigurationPlatforms) = postSolution
		{9D395581-5B22-46AF-A8C6-B139D288B5ED}.Debug|Any CPU.ActiveCfg = Debug|Any CPU
		{9D395581-5B22-46AF-A8C6-B139D288B5ED}.Debug|Any CPU.Build.0 = Debug|Any CPU
		{9D395581-5B22-46AF-A8C6-B139D288B5ED}.Release|Any CPU.ActiveCfg = Release|Any CPU
		{9D395581-5B22-46AF-A8C6-B139D288B5ED}.Release|Any CPU.Build.0 = Release|Any CPU
	EndGlobalSection
	GlobalSection(SolutionProperties) = preSolution
		HideSolutionNode = FALSE
	EndGlobalSection
	GlobalSection(ExtensibilityGlobals) = postSolution
		SolutionGuid = {3947F929-DBFA-4E44-900E-CC132E3C02EA}
	EndGlobalSection
EndGlobal
